<?xml version="1.0" encoding="utf-8"?>
<Project ToolsVersion="4.0" xmlns="http://schemas.microsoft.com/developer/msbuild/2003">
  <ItemGroup>
    <Filter Include="Source Files">
      <UniqueIdentifier>{4FC737F1-C7A5-4376-A066-2A32D752A2FF}</UniqueIdentifier>
      <Extensions>cpp;c;cc;cxx;c++;cppm;ixx;def;odl;idl;hpj;bat;asm;asmx</Extensions>
    </Filter>
    <Filter Include="Header Files">
      <UniqueIdentifier>{93995380-89BD-4b04-88EB-625FBE52EBFB}</UniqueIdentifier>
      <Extensions>h;hh;hpp;hxx;h++;hm;inl;inc;ipp;xsd</Extensions>
    </Filter>
    <Filter Include="Resource Files">
      <UniqueIdentifier>{67DA6AB6-F800-4c08-8B7A-83BB121AAD01}</UniqueIdentifier>
      <Extensions>rc;ico;cur;bmp;dlg;rc2;rct;bin;rgs;gif;jpg;jpeg;jpe;resx;tiff;tif;png;wav;mfcribbon-ms</Extensions>
    </Filter>
    <Filter Include="Header Files\Entities">
      <UniqueIdentifier>{14f86683-d8f5-47b5-ac78-f248650d77b0}</UniqueIdentifier>
    </Filter>
    <Filter Include="Header Files\Imgui">
      <UniqueIdentifier>{b2c2d22e-3ee1-44a2-a9a2-1fb06cf3357c}</UniqueIdentifier>
    </Filter>
    <Filter Include="Header Files\Meshes">
      <UniqueIdentifier>{74ec5723-e6f5-45d1-944f-363646bb6842}</UniqueIdentifier>
    </Filter>
    <Filter Include="Header Files\Messages">
      <UniqueIdentifier>{6f6679f4-eb3c-4fd6-a99e-5dfac379e0f1}</UniqueIdentifier>
    </Filter>
    <Filter Include="Header Files\Graphics">
      <UniqueIdentifier>{565984f7-a7cd-4cfb-b51b-3796ed135b0e}</UniqueIdentifier>
    </Filter>
    <Filter Include="Header Files\Camera">
      <UniqueIdentifier>{aab8edbb-f16e-4010-b477-e3e8f468b3f1}</UniqueIdentifier>
    </Filter>
    <Filter Include="Header Files\Input">
      <UniqueIdentifier>{e0c703c8-50c4-425b-8a1f-772be5c17514}</UniqueIdentifier>
    </Filter>
    <Filter Include="Header Files\Interface">
      <UniqueIdentifier>{1ce154b4-8588-4690-8abc-f9505111408f}</UniqueIdentifier>
    </Filter>
    <Filter Include="Header Files\Time">
      <UniqueIdentifier>{390847a1-c1ec-445f-9693-87ea24793190}</UniqueIdentifier>
    </Filter>
    <Filter Include="Source Files\Meshes">
      <UniqueIdentifier>{8c17c6a6-1673-47ea-a50b-86a17b1f9217}</UniqueIdentifier>
    </Filter>
    <Filter Include="Source Files\Graphics">
      <UniqueIdentifier>{b2ff9219-cf54-4868-860f-0150b8ba523b}</UniqueIdentifier>
    </Filter>
    <Filter Include="Source Files\Messages">
      <UniqueIdentifier>{96a8ee0d-3e90-428d-bfd3-197f33622854}</UniqueIdentifier>
    </Filter>
    <Filter Include="Header Files\Performance">
      <UniqueIdentifier>{cc879b32-e8c6-4c6b-a783-061579361487}</UniqueIdentifier>
    </Filter>
    <Filter Include="Source Files\Entities">
      <UniqueIdentifier>{f216d77c-d56c-45f3-b0cb-70db65beeebe}</UniqueIdentifier>
    </Filter>
    <Filter Include="Source Files\Camera">
      <UniqueIdentifier>{ead36427-5a1c-41b1-a5b9-be79b213a707}</UniqueIdentifier>
    </Filter>
    <Filter Include="Source Files\Dependence">
      <UniqueIdentifier>{73c7900c-ef7a-47f0-b2f7-ab922faa8761}</UniqueIdentifier>
    </Filter>
    <Filter Include="Source Files\Dependence\Imgui">
      <UniqueIdentifier>{076f8518-1d61-4512-9533-128e6364f37f}</UniqueIdentifier>
    </Filter>
    <Filter Include="Source Files\Dependence\Glad">
      <UniqueIdentifier>{1ebcc86e-6f06-482d-a951-9fb656b7b467}</UniqueIdentifier>
    </Filter>
    <Filter Include="Source Files\Input">
      <UniqueIdentifier>{28488337-5376-4888-a453-2f66ce3e3190}</UniqueIdentifier>
    </Filter>
    <Filter Include="Source Files\Performance">
      <UniqueIdentifier>{58eb741d-fa7d-42fb-aaa0-bf3b013a7ca7}</UniqueIdentifier>
    </Filter>
    <Filter Include="Source Files\Time">
      <UniqueIdentifier>{4b56cce5-fe56-4429-a0ca-10ed284c382d}</UniqueIdentifier>
    </Filter>
    <Filter Include="Header Files\Levels">
      <UniqueIdentifier>{60b4cb7b-44ba-4e73-8a17-22349b869868}</UniqueIdentifier>
    </Filter>
    <Filter Include="Source Files\Levels">
      <UniqueIdentifier>{d9f696f1-75b0-4084-96c7-13028d0f11c0}</UniqueIdentifier>
    </Filter>
  </ItemGroup>
  <ItemGroup>
    <ClCompile Include="main.cpp">
      <Filter>Source Files</Filter>
    </ClCompile>
    <ClCompile Include="imgui.cpp">
      <Filter>Source Files\Dependence\Imgui</Filter>
    </ClCompile>
    <ClCompile Include="imgui_demo.cpp">
      <Filter>Source Files\Dependence\Imgui</Filter>
    </ClCompile>
    <ClCompile Include="imgui_draw.cpp">
      <Filter>Source Files\Dependence\Imgui</Filter>
    </ClCompile>
    <ClCompile Include="imgui_impl_glfw.cpp">
      <Filter>Source Files\Dependence\Imgui</Filter>
    </ClCompile>
    <ClCompile Include="imgui_impl_opengl3.cpp">
      <Filter>Source Files\Dependence\Imgui</Filter>
    </ClCompile>
    <ClCompile Include="imgui_tables.cpp">
      <Filter>Source Files\Dependence\Imgui</Filter>
    </ClCompile>
    <ClCompile Include="imgui_widgets.cpp">
      <Filter>Source Files\Dependence\Imgui</Filter>
    </ClCompile>
    <ClCompile Include="ImguiManager.cpp">
      <Filter>Source Files\Dependence\Imgui</Filter>
    </ClCompile>
    <ClCompile Include="Mesh.cpp">
      <Filter>Source Files\Meshes</Filter>
    </ClCompile>
    <ClCompile Include="MeshManager.cpp">
      <Filter>Source Files\Meshes</Filter>
    </ClCompile>
    <ClCompile Include="OBJLoader.cpp">
      <Filter>Source Files\Meshes</Filter>
    </ClCompile>
    <ClCompile Include="Shader.cpp">
      <Filter>Source Files\Graphics</Filter>
    </ClCompile>
    <ClCompile Include="Texture.cpp">
      <Filter>Source Files\Graphics</Filter>
    </ClCompile>
    <ClCompile Include="MessageHandler.cpp">
      <Filter>Source Files\Messages</Filter>
    </ClCompile>
    <ClCompile Include="MessageQueue.cpp">
      <Filter>Source Files\Messages</Filter>
    </ClCompile>
    <ClCompile Include="Camera.cpp">
      <Filter>Source Files\Camera</Filter>
    </ClCompile>
    <ClCompile Include="Entities.cpp">
      <Filter>Source Files\Entities</Filter>
    </ClCompile>
    <ClCompile Include="glad.c">
      <Filter>Source Files\Dependence\Glad</Filter>
    </ClCompile>
    <ClCompile Include="Input.cpp">
      <Filter>Source Files\Input</Filter>
    </ClCompile>
    <ClCompile Include="MemoryChecker.cpp">
      <Filter>Source Files\Performance</Filter>
    </ClCompile>
    <ClCompile Include="Time.cpp">
      <Filter>Source Files\Time</Filter>
    </ClCompile>
    <ClCompile Include="GraphicProperty.cpp">
      <Filter>Source Files\Entities</Filter>
    </ClCompile>
    <ClCompile Include="ModelProperty.cpp">
      <Filter>Source Files\Entities</Filter>
    </ClCompile>
    <ClCompile Include="GeneralProperty.cpp">
      <Filter>Source Files</Filter>
    </ClCompile>
    <ClCompile Include="EntityProperty.cpp">
      <Filter>Source Files</Filter>
    </ClCompile>
    <ClCompile Include="Level.cpp">
      <Filter>Source Files\Levels</Filter>
    </ClCompile>
  </ItemGroup>
  <ItemGroup>
    <ClInclude Include="Entities.h">
      <Filter>Header Files\Entities</Filter>
    </ClInclude>
    <ClInclude Include="EntityProperty.h">
      <Filter>Header Files\Entities</Filter>
    </ClInclude>
    <ClInclude Include="ImguiManager.h">
      <Filter>Header Files\Imgui</Filter>
    </ClInclude>
    <ClInclude Include="Mesh.h">
      <Filter>Header Files\Meshes</Filter>
    </ClInclude>
    <ClInclude Include="MeshManager.h">
      <Filter>Header Files\Meshes</Filter>
    </ClInclude>
    <ClInclude Include="MessageHandler.h">
      <Filter>Header Files\Messages</Filter>
    </ClInclude>
    <ClInclude Include="MessageQueue.h">
      <Filter>Header Files\Messages</Filter>
    </ClInclude>
    <ClInclude Include="OBJLoader.h">
      <Filter>Header Files\Meshes</Filter>
    </ClInclude>
    <ClInclude Include="Camera.h">
      <Filter>Header Files\Camera</Filter>
    </ClInclude>
    <ClInclude Include="Shader.h">
      <Filter>Header Files\Graphics</Filter>
    </ClInclude>
    <ClInclude Include="Texture.h">
      <Filter>Header Files\Graphics</Filter>
    </ClInclude>
    <ClInclude Include="Input.h">
      <Filter>Header Files\Input</Filter>
    </ClInclude>
    <ClInclude Include="Interface.h">
      <Filter>Header Files\Interface</Filter>
    </ClInclude>
    <ClInclude Include="Time.h">
      <Filter>Header Files\Time</Filter>
    </ClInclude>
    <ClInclude Include="MemoryChecker.h">
      <Filter>Header Files\Performance</Filter>
    </ClInclude>
    <ClInclude Include="GraphicProperty.h">
      <Filter>Header Files\Entities</Filter>
    </ClInclude>
    <ClInclude Include="GeneralProperty.h">
      <Filter>Header Files\Entities</Filter>
    </ClInclude>
    <ClInclude Include="ModelProperty.h">
      <Filter>Header Files\Entities</Filter>
    </ClInclude>
    <ClInclude Include="Level.h">
      <Filter>Header Files\Levels</Filter>
    </ClInclude>
  </ItemGroup>
</Project>